// !$*UTF8*$!
{
	archiveVersion = 1;
	classes = {
	};
	objectVersion = 77;
	objects = {

/* Begin PBXBuildFile section */
		869C538F2F9530C900D7EE4C /* GoogleService-Info.plist in Resources */ = {isa = PBXBuildFile; fileRef = 869C538E2F9530C900D7EE4C /* GoogleService-Info.plist */; };
		86B617402F95336C00FBEB5E /* FirebaseAuth in Frameworks */ = {isa = PBXBuildFile; productRef = 86B6173F2F95336C00FBEB5E /* FirebaseAuth */; };
		86B617422F95337300FBEB5E /* FirebaseFirestore in Frameworks */ = {isa = PBXBuildFile; productRef = 86B617412F95337300FBEB5E /* FirebaseFirestore */; };
		86B617442F95337900FBEB5E /* FirebaseStorage in Frameworks */ = {isa = PBXBuildFile; productRef = 86B617432F95337900FBEB5E /* FirebaseStorage */; };
/* End PBXBuildFile section */

/* Begin PBXContainerItemProxy section */
		86F839D72F769506008C8DB2 /* PBXContainerItemProxy */ = {
			isa = PBXContainerItemProxy;
			containerPortal = 86F839C12F769505008C8DB2 /* Project object */;
			proxyType = 1;
			remoteGlobalIDString = 86F839C82F769505008C8DB2;
			remoteInfo = LocalTasks;
		};
		86F839E12F769506008C8DB2 /* PBXContainerItemProxy */ = {
			isa = PBXContainerItemProxy;
			containerPortal = 86F839C12F769505008C8DB2 /* Project object */;
			proxyType = 1;
			remoteGlobalIDString = 86F839C82F769505008C8DB2;
			remoteInfo = LocalTasks;
		};
/* End PBXContainerItemProxy section */

/* Begin PBXFileReference section */
		869C538E2F9530C900D7EE4C /* GoogleService-Info.plist */ = {isa = PBXFileReference; lastKnownFileType = text.plist.xml; path = "GoogleService-Info.plist"; sourceTree = "<group>"; };
		86F839C92F769505008C8DB2 /* LocalTasks.app */ = {isa = PBXFileReference; explicitFileType = wrapper.application; includeInIndex = 0; path = LocalTasks.app; sourceTree = BUILT_PRODUCTS_DIR; };
		86F839D62F769506008C8DB2 /* LocalTasksTests.xctest */ = {isa = PBXFileReference; explicitFileType = wrapper.cfbundle; includeInIndex = 0; path = LocalTasksTests.xctest; sourceTree = BUILT_PRODUCTS_DIR; };
		86F839E02F769506008C8DB2 /* LocalTasksUITests.xctest */ = {isa = PBXFileReference; explicitFileType = wrapper.cfbundle; includeInIndex = 0; path = LocalTasksUITests.xctest; sourceTree = BUILT_PRODUCTS_DIR; };
/* End PBXFileReference section */

/* Begin PBXFileSystemSynchronizedBuildFileExceptionSet section */
		86F839F72F769530008C8DB2 /* Exceptions for "App" folder in "LocalTasks" target */ = {
			isa = PBXFileSystemSynchronizedBuildFileExceptionSet;
			membershipExceptions = (
				AppContainer.swift,
				LocalTaskApp.swift,
			);
			target = 86F839C82F769505008C8DB2 /* LocalTasks */;
		};
		86F839FC2F769560008C8DB2 /* Exceptions for "Presentation" folder in "LocalTasks" target */ = {
			isa = PBXFileSystemSynchronizedBuildFileExceptionSet;
			membershipExceptions = (
				Auth/AuthScreen.swift,
				Auth/AuthViewModel.swift,
				Common/CitySearchViewModel.swift,
				Common/CustomTabBar.swift,
				Common/PlaceholderScreen.swift,
				Home/Components/CategoryChipView.swift,
				Home/Components/HomeHeaderView.swift,
				Home/Components/TaskCardView.swift,
				Home/HomeView.swift,
				Home/HomeViewModel.swift,
				Map/TasksMapView.swift,
				Map/TasksMapViewModel.swift,
				Messages/ChatDetailView.swift,
				Messages/ChatDetailViewModel.swift,
				Messages/MessageListView.swift,
				Messages/MessagesListViewModel.swift,
				Profile/JobPostCandidatesView.swift,
				Profile/JobPostCandidatesViewModel.swift,
				Profile/MyApplicationsView.swift,
				Profile/MyJobPostsView.swift,
				Profile/PendingReviewsView.swift,
				Profile/PendingReviewsViewModel.swift,
				Profile/ProfileApplicationsViewModel.swift,
				Profile/ProfileJobPostsViewModel.swift,
				Profile/ProfileView.swift,
				Profile/SubmitReviewView.swift,
				Profile/SubmitReviewViewModel.swift,
				Root/MainTabRootView.swift,
				Root/RootTab.swift,
				Root/RootView.swift,
				Task/AddressSearchViewModel.swift,
				Task/CreateTaskView.swift,
				Task/CreateTaskViewModel.swift,
				Task/TaskDetailView.swift,
				Task/TaskDetailViewModel.swift,
			);
			target = 86F839C82F769505008C8DB2 /* LocalTasks */;
		};
		86F83A042F7695A8008C8DB2 /* Exceptions for "Core" folder in "LocalTasks" target */ = {
			isa = PBXFileSystemSynchronizedBuildFileExceptionSet;
			membershipExceptions = (
				"Extensions/Color+Hex.swift",
				Location/UserLocationManager.swift,
				Theme/AppColors.swift,
			);
			target = 86F839C82F769505008C8DB2 /* LocalTasks */;
		};
		86F83A0C2F7695EF008C8DB2 /* Exceptions for "Domain" folder in "LocalTasks" target */ = {
			isa = PBXFileSystemSynchronizedBuildFileExceptionSet;
			membershipExceptions = (
				Enums/ReviewRequirementStatus.swift,
				Enums/TaskCategory.swift,
				Enums/TaskStatus.swift,
				Models/AddressSelection.swift,
				Models/ApplicationDetailsItem.swift,
				Models/ApplicationItem.swift,
				Models/AppUser.swift,
				Models/ChatItem.swift,
				Models/ChatListRowItem.swift,
				Models/CitySelection.swift,
				Models/CreateApplicationInput.swift,
				Models/CreateTaskInput.swift,
				Models/MapAnnotationItem.swift,
				Models/MessageItem.swift,
				Models/PendingReviewDetailsItem.swift,
				Models/ReviewItem.swift,
				Models/ReviewRequirementItem.swift,
				Models/SendMessageInput.swift,
				Models/TaskItem.swift,
				Models/TaskPrivateInfo.swift,
				Repositories/ApplicationRepository.swift,
				Repositories/ChatRepository.swift,
				Repositories/FirebaseApplicationRepository.swift,
				Repositories/FirebaseChatRepository.swift,
			);
			target = 86F839C82F769505008C8DB2 /* LocalTasks */;
		};
		86F83A132F76961C008C8DB2 /* Exceptions for "Data" folder in "LocalTasks" target */ = {
			isa = PBXFileSystemSynchronizedBuildFileExceptionSet;
			membershipExceptions = (
				Repositories/AuthRepository.swift,
				Repositories/FirebaseAuthRepository.swift,
				Repositories/FirebaseReviewRepository.swift,
				Repositories/FirebaseTaskRepository.swift,
				Repositories/FirebaseUserRepository.swift,
				Repositories/ReviewRepository.swift,
				Repositories/TaskRepository.swift,
				Repositories/UserRepository.swift,
			);
			target = 86F839C82F769505008C8DB2 /* LocalTasks */;
		};
/* End PBXFileSystemSynchronizedBuildFileExceptionSet section */

/* Begin PBXFileSystemSynchronizedRootGroup section */
		86F839F42F76951F008C8DB2 /* App */ = {
			isa = PBXFileSystemSynchronizedRootGroup;
			exceptions = (
				86F839F72F769530008C8DB2 /* Exceptions for "App" folder in "LocalTasks" target */,
			);
			path = App;
			sourceTree = "<group>";
		};
		86F839F82F76954D008C8DB2 /* Presentation */ = {
			isa = PBXFileSystemSynchronizedRootGroup;
			exceptions = (
				86F839FC2F769560008C8DB2 /* Exceptions for "Presentation" folder in "LocalTasks" target */,
			);
			path = Presentation;
			sourceTree = "<group>";
		};
		86F839FF2F769597008C8DB2 /* Core */ = {
			isa = PBXFileSystemSynchronizedRootGroup;
			exceptions = (
				86F83A042F7695A8008C8DB2 /* Exceptions for "Core" folder in "LocalTasks" target */,
			);
			path = Core;
			sourceTree = "<group>";
		};
		86F83A082F7695DA008C8DB2 /* Domain */ = {
			isa = PBXFileSystemSynchronizedRootGroup;
			exceptions = (
				86F83A0C2F7695EF008C8DB2 /* Exceptions for "Domain" folder in "LocalTasks" target */,
			);
			path = Domain;
			sourceTree = "<group>";
		};
		86F83A0F2F76960C008C8DB2 /* Data */ = {
			isa = PBXFileSystemSynchronizedRootGroup;
			exceptions = (
				86F83A132F76961C008C8DB2 /* Exceptions for "Data" folder in "LocalTasks" target */,
			);
			path = Data;
			sourceTree = "<group>";
		};
/* End PBXFileSystemSynchronizedRootGroup section */

/* Begin PBXFrameworksBuildPhase section */
		86F839C62F769505008C8DB2 /* Frameworks */ = {
			isa = PBXFrameworksBuildPhase;
			buildActionMask = 2147483647;
			files = (
				86B617402F95336C00FBEB5E /* FirebaseAuth in Frameworks */,
				86B617422F95337300FBEB5E /* FirebaseFirestore in Frameworks */,
				86B617442F95337900FBEB5E /* FirebaseStorage in Frameworks */,
			);
			runOnlyForDeploymentPostprocessing = 0;
		};
		86F839D32F769506008C8DB2 /* Frameworks */ = {
			isa = PBXFrameworksBuildPhase;
			buildActionMask = 2147483647;
			files = (
			);
			runOnlyForDeploymentPostprocessing = 0;
		};
		86F839DD2F769506008C8DB2 /* Frameworks */ = {
			isa = PBXFrameworksBuildPhase;
			buildActionMask = 2147483647;
			files = (
			);
			runOnlyForDeploymentPostprocessing = 0;
		};
/* End PBXFrameworksBuildPhase section */

/* Begin PBXGroup section */
		86B6173E2F95336C00FBEB5E /* Frameworks */ = {
			isa = PBXGroup;
			children = (
			);
			name = Frameworks;
			sourceTree = "<group>";
		};
		86F839C02F769505008C8DB2 = {
			isa = PBXGroup;
			children = (
				869C538E2F9530C900D7EE4C /* GoogleService-Info.plist */,
				86F83A0F2F76960C008C8DB2 /* Data */,
				86F83A082F7695DA008C8DB2 /* Domain */,
				86F839FF2F769597008C8DB2 /* Core */,
				86F839F82F76954D008C8DB2 /* Presentation */,
				86F839F42F76951F008C8DB2 /* App */,
				86B6173E2F95336C00FBEB5E /* Frameworks */,
				86F839CA2F769505008C8DB2 /* Products */,
			);
			sourceTree = "<group>";
		};
		86F839CA2F769505008C8DB2 /* Products */ = {
			isa = PBXGroup;
			children = (
				86F839C92F769505008C8DB2 /* LocalTasks.app */,
				86F839D62F769506008C8DB2 /* LocalTasksTests.xctest */,
				86F839E02F769506008C8DB2 /* LocalTasksUITests.xctest */,
			);
			name = Products;
			sourceTree = "<group>";
		};
/* End PBXGroup section */

/* Begin PBXNativeTarget section */
		86F839C82F769505008C8DB2 /* LocalTasks */ = {
			isa = PBXNativeTarget;
			buildConfigurationList = 86F839EA2F769506008C8DB2 /* Build configuration list for PBXNativeTarget "LocalTasks" */;
			buildPhases = (
				86F839C52F769505008C8DB2 /* Sources */,
				86F839C62F769505008C8DB2 /* Frameworks */,
				86F839C72F769505008C8DB2 /* Resources */,
			);
			buildRules = (
			);
			dependencies = (
			);
			name = LocalTasks;
			packageProductDependencies = (
				86B6173F2F95336C00FBEB5E /* FirebaseAuth */,
				86B617412F95337300FBEB5E /* FirebaseFirestore */,
				86B617432F95337900FBEB5E /* FirebaseStorage */,
			);
			productName = LocalTasks;
			productReference = 86F839C92F769505008C8DB2 /* LocalTasks.app */;
			productType = "com.apple.product-type.application";
		};
		86F839D52F769506008C8DB2 /* LocalTasksTests */ = {
			isa = PBXNativeTarget;
			buildConfigurationList = 86F839ED2F769506008C8DB2 /* Build configuration list for PBXNativeTarget "LocalTasksTests" */;
			buildPhases = (
				86F839D22F769506008C8DB2 /* Sources */,
				86F839D32F769506008C8DB2 /* Frameworks */,
				86F839D42F769506008C8DB2 /* Resources */,
			);
			buildRules = (
			);
			dependencies = (
				86F839D82F769506008C8DB2 /* PBXTargetDependency */,
			);
			name = LocalTasksTests;
			packageProductDependencies = (
			);
			productName = LocalTasksTests;
			productReference = 86F839D62F769506008C8DB2 /* LocalTasksTests.xctest */;
			productType = "com.apple.product-type.bundle.unit-test";
		};
		86F839DF2F769506008C8DB2 /* LocalTasksUITests */ = {
			isa = PBXNativeTarget;
			buildConfigurationList = 86F839F02F769506008C8DB2 /* Build configuration list for PBXNativeTarget "LocalTasksUITests" */;
			buildPhases = (
				86F839DC2F769506008C8DB2 /* Sources */,
				86F839DD2F769506008C8DB2 /* Frameworks */,
				86F839DE2F769506008C8DB2 /* Resources */,
			);
			buildRules = (
			);
			dependencies = (
				86F839E22F769506008C8DB2 /* PBXTargetDependency */,
			);
			name = LocalTasksUITests;
			packageProductDependencies = (
			);
			productName = LocalTasksUITests;
			productReference = 86F839E02F769506008C8DB2 /* LocalTasksUITests.xctest */;
			productType = "com.apple.product-type.bundle.ui-testing";
		};
/* End PBXNativeTarget section */

/* Begin PBXProject section */
		86F839C12F769505008C8DB2 /* Project object */ = {
			isa = PBXProject;
			attributes = {
				BuildIndependentTargetsInParallel = 1;
				LastSwiftUpdateCheck = 2640;
				LastUpgradeCheck = 2640;
				TargetAttributes = {
					86F839C82F769505008C8DB2 = {
						CreatedOnToolsVersion = 26.4;
						LastSwiftMigration = 2640;
					};
					86F839D52F769506008C8DB2 = {
						CreatedOnToolsVersion = 26.4;
						TestTargetID = 86F839C82F769505008C8DB2;
					};
					86F839DF2F769506008C8DB2 = {
						CreatedOnToolsVersion = 26.4;
						TestTargetID = 86F839C82F769505008C8DB2;
					};
				};
			};
			buildConfigurationList = 86F839C42F769505008C8DB2 /* Build configuration list for PBXProject "LocalTasks" */;
			developmentRegion = en;
			hasScannedForEncodings = 0;
			knownRegions = (
				en,
				Base,
			);
			mainGroup = 86F839C02F769505008C8DB2;
			minimizedProjectReferenceProxies = 1;
			packageReferences = (
				869C538D2F95308700D7EE4C /* XCRemoteSwiftPackageReference "firebase-ios-sdk" */,
			);
			preferredProjectObjectVersion = 77;
			productRefGroup = 86F839CA2F769505008C8DB2 /* Products */;
			projectDirPath = "";
			projectRoot = "";
			targets = (
				86F839C82F769505008C8DB2 /* LocalTasks */,
				86F839D52F769506008C8DB2 /* LocalTasksTests */,
				86F839DF2F769506008C8DB2 /* LocalTasksUITests */,
			);
		};
/* End PBXProject section */

/* Begin PBXResourcesBuildPhase section */
		86F839C72F769505008C8DB2 /* Resources */ = {
			isa = PBXResourcesBuildPhase;
			buildActionMask = 2147483647;
			files = (
				869C538F2F9530C900D7EE4C /* GoogleService-Info.plist in Resources */,
			);
			runOnlyForDeploymentPostprocessing = 0;
		};
		86F839D42F769506008C8DB2 /* Resources */ = {
			isa = PBXResourcesBuildPhase;
			buildActionMask = 2147483647;
			files = (
			);
			runOnlyForDeploymentPostprocessing = 0;
		};
		86F839DE2F769506008C8DB2 /* Resources */ = {
			isa = PBXResourcesBuildPhase;
			buildActionMask = 2147483647;
			files = (
			);
			runOnlyForDeploymentPostprocessing = 0;
		};
/* End PBXResourcesBuildPhase section */

/* Begin PBXSourcesBuildPhase section */
		86F839C52F769505008C8DB2 /* Sources */ = {
			isa = PBXSourcesBuildPhase;
			buildActionMask = 2147483647;
			files = (
			);
			runOnlyForDeploymentPostprocessing = 0;
		};
		86F839D22F769506008C8DB2 /* Sources */ = {
			isa = PBXSourcesBuildPhase;
			buildActionMask = 2147483647;
			files = (
			);
			runOnlyForDeploymentPostprocessing = 0;
		};
		86F839DC2F769506008C8DB2 /* Sources */ = {
			isa = PBXSourcesBuildPhase;
			buildActionMask = 2147483647;
			files = (
			);
			runOnlyForDeploymentPostprocessing = 0;
		};
/* End PBXSourcesBuildPhase section */

/* Begin PBXTargetDependency section */
		86F839D82F769506008C8DB2 /* PBXTargetDependency */ = {
			isa = PBXTargetDependency;
			target = 86F839C82F769505008C8DB2 /* LocalTasks */;
			targetProxy = 86F839D72F769506008C8DB2 /* PBXContainerItemProxy */;
		};
		86F839E22F769506008C8DB2 /* PBXTargetDependency */ = {
			isa = PBXTargetDependency;
			target = 86F839C82F769505008C8DB2 /* LocalTasks */;
			targetProxy = 86F839E12F769506008C8DB2 /* PBXContainerItemProxy */;
		};
/* End PBXTargetDependency section */

/* Begin XCBuildConfiguration section */
		86F839E82F769506008C8DB2 /* Debug */ = {
			isa = XCBuildConfiguration;
			buildSettings = {
				ALWAYS_SEARCH_USER_PATHS = NO;
				ASSETCATALOG_COMPILER_GENERATE_SWIFT_ASSET_SYMBOL_EXTENSIONS = YES;
				CLANG_ANALYZER_NONNULL = YES;
				CLANG_ANALYZER_NUMBER_OBJECT_CONVERSION = YES_AGGRESSIVE;
				CLANG_CXX_LANGUAGE_STANDARD = "gnu++20";
				CLANG_ENABLE_MODULES = YES;
				CLANG_ENABLE_OBJC_ARC = YES;
				CLANG_ENABLE_OBJC_WEAK = YES;
				CLANG_WARN_BLOCK_CAPTURE_AUTORELEASING = YES;
				CLANG_WARN_BOOL_CONVERSION = YES;
				CLANG_WARN_COMMA = YES;
				CLANG_WARN_CONSTANT_CONVERSION = YES;
				CLANG_WARN_DEPRECATED_OBJC_IMPLEMENTATIONS = YES;
				CLANG_WARN_DIRECT_OBJC_ISA_USAGE = YES_ERROR;
				CLANG_WARN_DOCUMENTATION_COMMENTS = YES;
				CLANG_WARN_EMPTY_BODY = YES;
				CLANG_WARN_ENUM_CONVERSION = YES;
				CLANG_WARN_INFINITE_RECURSION = YES;
				CLANG_WARN_INT_CONVERSION = YES;
				CLANG_WARN_NON_LITERAL_NULL_CONVERSION = YES;
				CLANG_WARN_OBJC_IMPLICIT_RETAIN_SELF = YES;
				CLANG_WARN_OBJC_LITERAL_CONVERSION = YES;
				CLANG_WARN_OBJC_ROOT_CLASS = YES_ERROR;
				CLANG_WARN_QUOTED_INCLUDE_IN_FRAMEWORK_HEADER = YES;
				CLANG_WARN_RANGE_LOOP_ANALYSIS = YES;
				CLANG_WARN_STRICT_PROTOTYPES = YES;
				CLANG_WARN_SUSPICIOUS_MOVE = YES;
				CLANG_WARN_UNGUARDED_AVAILABILITY = YES_AGGRESSIVE;
				CLANG_WARN_UNREACHABLE_CODE = YES;
				CLANG_WARN__DUPLICATE_METHOD_MATCH = YES;
				COPY_PHASE_STRIP = NO;
				DEBUG_INFORMATION_FORMAT = dwarf;
				ENABLE_STRICT_OBJC_MSGSEND = YES;
				ENABLE_TESTABILITY = YES;
				ENABLE_USER_SCRIPT_SANDBOXING = YES;
				GCC_C_LANGUAGE_STANDARD = gnu17;
				GCC_DYNAMIC_NO_PIC = NO;
				GCC_NO_COMMON_BLOCKS = YES;
				GCC_OPTIMIZATION_LEVEL = 0;
				GCC_PREPROCESSOR_DEFINITIONS = (
					"DEBUG=1",
					"$(inherited)",
				);
				GCC_WARN_64_TO_32_BIT_CONVERSION = YES;
				GCC_WARN_ABOUT_RETURN_TYPE = YES_ERROR;
				GCC_WARN_UNDECLARED_SELECTOR = YES;
				GCC_WARN_UNINITIALIZED_AUTOS = YES_AGGRESSIVE;
				GCC_WARN_UNUSED_FUNCTION = YES;
				GCC_WARN_UNUSED_VARIABLE = YES;
				IPHONEOS_DEPLOYMENT_TARGET = 26.4;
				LOCALIZATION_PREFERS_STRING_CATALOGS = YES;
				MTL_ENABLE_DEBUG_INFO = INCLUDE_SOURCE;
				MTL_FAST_MATH = YES;
				ONLY_ACTIVE_ARCH = YES;
				SDKROOT = iphoneos;
				SWIFT_ACTIVE_COMPILATION_CONDITIONS = "DEBUG $(inherited)";
				SWIFT_OPTIMIZATION_LEVEL = "-Onone";
			};
			name = Debug;
		};
		86F839E92F769506008C8DB2 /* Release */ = {
			isa = XCBuildConfiguration;
			buildSettings = {
				ALWAYS_SEARCH_USER_PATHS = NO;
				ASSETCATALOG_COMPILER_GENERATE_SWIFT_ASSET_SYMBOL_EXTENSIONS = YES;
				CLANG_ANALYZER_NONNULL = YES;
				CLANG_ANALYZER_NUMBER_OBJECT_CONVERSION = YES_AGGRESSIVE;
				CLANG_CXX_LANGUAGE_STANDARD = "gnu++20";
				CLANG_ENABLE_MODULES = YES;
				CLANG_ENABLE_OBJC_ARC = YES;
				CLANG_ENABLE_OBJC_WEAK = YES;
				CLANG_WARN_BLOCK_CAPTURE_AUTORELEASING = YES;
				CLANG_WARN_BOOL_CONVERSION = YES;
				CLANG_WARN_COMMA = YES;
				CLANG_WARN_CONSTANT_CONVERSION = YES;
				CLANG_WARN_DEPRECATED_OBJC_IMPLEMENTATIONS = YES;
				CLANG_WARN_DIRECT_OBJC_ISA_USAGE = YES_ERROR;
				CLANG_WARN_DOCUMENTATION_COMMENTS = YES;
				CLANG_WARN_EMPTY_BODY = YES;
				CLANG_WARN_ENUM_CONVERSION = YES;
				CLANG_WARN_INFINITE_RECURSION = YES;
				CLANG_WARN_INT_CONVERSION = YES;
				CLANG_WARN_NON_LITERAL_NULL_CONVERSION = YES;
				CLANG_WARN_OBJC_IMPLICIT_RETAIN_SELF = YES;
				CLANG_WARN_OBJC_LITERAL_CONVERSION = YES;
				CLANG_WARN_OBJC_ROOT_CLASS = YES_ERROR;
				CLANG_WARN_QUOTED_INCLUDE_IN_FRAMEWORK_HEADER = YES;
				CLANG_WARN_RANGE_LOOP_ANALYSIS = YES;
				CLANG_WARN_STRICT_PROTOTYPES = YES;
				CLANG_WARN_SUSPICIOUS_MOVE = YES;
				CLANG_WARN_UNGUARDED_AVAILABILITY = YES_AGGRESSIVE;
				CLANG_WARN_UNREACHABLE_CODE = YES;
				CLANG_WARN__DUPLICATE_METHOD_MATCH = YES;
				COPY_PHASE_STRIP = NO;
				DEBUG_INFORMATION_FORMAT = "dwarf-with-dsym";
				ENABLE_NS_ASSERTIONS = NO;
				ENABLE_STRICT_OBJC_MSGSEND = YES;
				ENABLE_USER_SCRIPT_SANDBOXING = YES;
				GCC_C_LANGUAGE_STANDARD = gnu17;
				GCC_NO_COMMON_BLOCKS = YES;
				GCC_WARN_64_TO_32_BIT_CONVERSION = YES;
				GCC_WARN_ABOUT_RETURN_TYPE = YES_ERROR;
				GCC_WARN_UNDECLARED_SELECTOR = YES;
				GCC_WARN_UNINITIALIZED_AUTOS = YES_AGGRESSIVE;
				GCC_WARN_UNUSED_FUNCTION = YES;
				GCC_WARN_UNUSED_VARIABLE = YES;
				IPHONEOS_DEPLOYMENT_TARGET = 26.4;
				LOCALIZATION_PREFERS_STRING_CATALOGS = YES;
				MTL_ENABLE_DEBUG_INFO = NO;
				MTL_FAST_MATH = YES;
				SDKROOT = iphoneos;
				SWIFT_COMPILATION_MODE = wholemodule;
				VALIDATE_PRODUCT = YES;
			};
			name = Release;
		};
		86F839EB2F769506008C8DB2 /* Debug */ = {
			isa = XCBuildConfiguration;
			buildSettings = {
				ASSETCATALOG_COMPILER_APPICON_NAME = AppIcon;
				ASSETCATALOG_COMPILER_GLOBAL_ACCENT_COLOR_NAME = AccentColor;
				CLANG_ENABLE_MODULES = YES;
				CODE_SIGN_STYLE = Automatic;
				CURRENT_PROJECT_VERSION = 1;
				ENABLE_PREVIEWS = YES;
				GENERATE_INFOPLIST_FILE = YES;
				INFOPLIST_KEY_UIApplicationSceneManifest_Generation = YES;
				INFOPLIST_KEY_UIApplicationSupportsIndirectInputEvents = YES;
				INFOPLIST_KEY_UILaunchScreen_Generation = YES;
				INFOPLIST_KEY_UISupportedInterfaceOrientations_iPad = "UIInterfaceOrientationPortrait UIInterfaceOrientationPortraitUpsideDown UIInterfaceOrientationLandscapeLeft UIInterfaceOrientationLandscapeRight";
				INFOPLIST_KEY_UISupportedInterfaceOrientations_iPhone = "UIInterfaceOrientationPortrait UIInterfaceOrientationLandscapeLeft UIInterfaceOrientationLandscapeRight";
				LD_RUNPATH_SEARCH_PATHS = (
					"$(inherited)",
					"@executable_path/Frameworks",
				);
				MARKETING_VERSION = 1.0;
				PRODUCT_BUNDLE_IDENTIFIER = com.calliariMichele.LocalTasks;
				PRODUCT_NAME = "$(TARGET_NAME)";
				STRING_CATALOG_GENERATE_SYMBOLS = YES;
				SWIFT_APPROACHABLE_CONCURRENCY = YES;
				SWIFT_DEFAULT_ACTOR_ISOLATION = MainActor;
				SWIFT_EMIT_LOC_STRINGS = YES;
				SWIFT_OPTIMIZATION_LEVEL = "-Onone";
				SWIFT_UPCOMING_FEATURE_MEMBER_IMPORT_VISIBILITY = YES;
				SWIFT_VERSION = 5.0;
				TARGETED_DEVICE_FAMILY = "1,2";
			};
			name = Debug;
		};
		86F839EC2F769506008C8DB2 /* Release */ = {
			isa = XCBuildConfiguration;
			buildSettings = {
				ASSETCATALOG_COMPILER_APPICON_NAME = AppIcon;
				ASSETCATALOG_COMPILER_GLOBAL_ACCENT_COLOR_NAME = AccentColor;
				CLANG_ENABLE_MODULES = YES;
				CODE_SIGN_STYLE = Automatic;
				CURRENT_PROJECT_VERSION = 1;
				ENABLE_PREVIEWS = YES;
				GENERATE_INFOPLIST_FILE = YES;
				INFOPLIST_KEY_UIApplicationSceneManifest_Generation = YES;
				INFOPLIST_KEY_UIApplicationSupportsIndirectInputEvents = YES;
				INFOPLIST_KEY_UILaunchScreen_Generation = YES;
				INFOPLIST_KEY_UISupportedInterfaceOrientations_iPad = "UIInterfaceOrientationPortrait UIInterfaceOrientationPortraitUpsideDown UIInterfaceOrientationLandscapeLeft UIInterfaceOrientationLandscapeRight";
				INFOPLIST_KEY_UISupportedInterfaceOrientations_iPhone = "UIInterfaceOrientationPortrait UIInterfaceOrientationLandscapeLeft UIInterfaceOrientationLandscapeRight";
				LD_RUNPATH_SEARCH_PATHS = (
					"$(inherited)",
					"@executable_path/Frameworks",
				);
				MARKETING_VERSION = 1.0;
				PRODUCT_BUNDLE_IDENTIFIER = com.calliariMichele.LocalTasks;
				PRODUCT_NAME = "$(TARGET_NAME)";
				STRING_CATALOG_GENERATE_SYMBOLS = YES;
				SWIFT_APPROACHABLE_CONCURRENCY = YES;
				SWIFT_DEFAULT_ACTOR_ISOLATION = MainActor;
				SWIFT_EMIT_LOC_STRINGS = YES;
				SWIFT_UPCOMING_FEATURE_MEMBER_IMPORT_VISIBILITY = YES;
				SWIFT_VERSION = 5.0;
				TARGETED_DEVICE_FAMILY = "1,2";
			};
			name = Release;
		};
		86F839EE2F769506008C8DB2 /* Debug */ = {
			isa = XCBuildConfiguration;
			buildSettings = {
				BUNDLE_LOADER = "$(TEST_HOST)";
				CODE_SIGN_STYLE = Automatic;
				CURRENT_PROJECT_VERSION = 1;
				GENERATE_INFOPLIST_FILE = YES;
				IPHONEOS_DEPLOYMENT_TARGET = 26.4;
				MARKETING_VERSION = 1.0;
				PRODUCT_BUNDLE_IDENTIFIER = com.calliariMichele.LocalTasksTests;
				PRODUCT_NAME = "$(TARGET_NAME)";
				STRING_CATALOG_GENERATE_SYMBOLS = NO;
				SWIFT_APPROACHABLE_CONCURRENCY = YES;
				SWIFT_EMIT_LOC_STRINGS = NO;
				SWIFT_UPCOMING_FEATURE_MEMBER_IMPORT_VISIBILITY = YES;
				SWIFT_VERSION = 5.0;
				TARGETED_DEVICE_FAMILY = "1,2";
				TEST_HOST = "$(BUILT_PRODUCTS_DIR)/LocalTasks.app/$(BUNDLE_EXECUTABLE_FOLDER_PATH)/LocalTasks";
			};
			name = Debug;
		};
		86F839EF2F769506008C8DB2 /* Release */ = {
			isa = XCBuildConfiguration;
			buildSettings = {
				BUNDLE_LOADER = "$(TEST_HOST)";
				CODE_SIGN_STYLE = Automatic;
				CURRENT_PROJECT_VERSION = 1;
				GENERATE_INFOPLIST_FILE = YES;
				IPHONEOS_DEPLOYMENT_TARGET = 26.4;
				MARKETING_VERSION = 1.0;
				PRODUCT_BUNDLE_IDENTIFIER = com.calliariMichele.LocalTasksTests;
				PRODUCT_NAME = "$(TARGET_NAME)";
				STRING_CATALOG_GENERATE_SYMBOLS = NO;
				SWIFT_APPROACHABLE_CONCURRENCY = YES;
				SWIFT_EMIT_LOC_STRINGS = NO;
				SWIFT_UPCOMING_FEATURE_MEMBER_IMPORT_VISIBILITY = YES;
				SWIFT_VERSION = 5.0;
				TARGETED_DEVICE_FAMILY = "1,2";
				TEST_HOST = "$(BUILT_PRODUCTS_DIR)/LocalTasks.app/$(BUNDLE_EXECUTABLE_FOLDER_PATH)/LocalTasks";
			};
			name = Release;
		};
		86F839F12F769506008C8DB2 /* Debug */ = {
			isa = XCBuildConfiguration;
			buildSettings = {
				CODE_SIGN_STYLE = Automatic;
				CURRENT_PROJECT_VERSION = 1;
				GENERATE_INFOPLIST_FILE = YES;
				MARKETING_VERSION = 1.0;
				PRODUCT_BUNDLE_IDENTIFIER = com.calliariMichele.LocalTasksUITests;
				PRODUCT_NAME = "$(TARGET_NAME)";
				STRING_CATALOG_GENERATE_SYMBOLS = NO;
				SWIFT_APPROACHABLE_CONCURRENCY = YES;
				SWIFT_EMIT_LOC_STRINGS = NO;
				SWIFT_UPCOMING_FEATURE_MEMBER_IMPORT_VISIBILITY = YES;
				SWIFT_VERSION = 5.0;
				TARGETED_DEVICE_FAMILY = "1,2";
				TEST_TARGET_NAME = LocalTasks;
			};
			name = Debug;
		};
		86F839F22F769506008C8DB2 /* Release */ = {
			isa = XCBuildConfiguration;
			buildSettings = {
				CODE_SIGN_STYLE = Automatic;
				CURRENT_PROJECT_VERSION = 1;
				GENERATE_INFOPLIST_FILE = YES;
				MARKETING_VERSION = 1.0;
				PRODUCT_BUNDLE_IDENTIFIER = com.calliariMichele.LocalTasksUITests;
				PRODUCT_NAME = "$(TARGET_NAME)";
				STRING_CATALOG_GENERATE_SYMBOLS = NO;
				SWIFT_APPROACHABLE_CONCURRENCY = YES;
				SWIFT_EMIT_LOC_STRINGS = NO;
				SWIFT_UPCOMING_FEATURE_MEMBER_IMPORT_VISIBILITY = YES;
				SWIFT_VERSION = 5.0;
				TARGETED_DEVICE_FAMILY = "1,2";
				TEST_TARGET_NAME = LocalTasks;
			};
			name = Release;
		};
/* End XCBuildConfiguration section */

/* Begin XCConfigurationList section */
		86F839C42F769505008C8DB2 /* Build configuration list for PBXProject "LocalTasks" */ = {
			isa = XCConfigurationList;
			buildConfigurations = (
				86F839E82F769506008C8DB2 /* Debug */,
				86F839E92F769506008C8DB2 /* Release */,
			);
			defaultConfigurationIsVisible = 0;
			defaultConfigurationName = Release;
		};
		86F839EA2F769506008C8DB2 /* Build configuration list for PBXNativeTarget "LocalTasks" */ = {
			isa = XCConfigurationList;
			buildConfigurations = (
				86F839EB2F769506008C8DB2 /* Debug */,
				86F839EC2F769506008C8DB2 /* Release */,
			);
			defaultConfigurationIsVisible = 0;
			defaultConfigurationName = Release;
		};
		86F839ED2F769506008C8DB2 /* Build configuration list for PBXNativeTarget "LocalTasksTests" */ = {
			isa = XCConfigurationList;
			buildConfigurations = (
				86F839EE2F769506008C8DB2 /* Debug */,
				86F839EF2F769506008C8DB2 /* Release */,
			);
			defaultConfigurationIsVisible = 0;
			defaultConfigurationName = Release;
		};
		86F839F02F769506008C8DB2 /* Build configuration list for PBXNativeTarget "LocalTasksUITests" */ = {
			isa = XCConfigurationList;
			buildConfigurations = (
				86F839F12F769506008C8DB2 /* Debug */,
				86F839F22F769506008C8DB2 /* Release */,
			);
			defaultConfigurationIsVisible = 0;
			defaultConfigurationName = Release;
		};
/* End XCConfigurationList section */

/* Begin XCRemoteSwiftPackageReference section */
		869C538D2F95308700D7EE4C /* XCRemoteSwiftPackageReference "firebase-ios-sdk" */ = {
			isa = XCRemoteSwiftPackageReference;
			repositoryURL = "https://github.com/firebase/firebase-ios-sdk";
			requirement = {
				kind = upToNextMajorVersion;
				minimumVersion = 12.12.1;
			};
		};
/* End XCRemoteSwiftPackageReference section */

/* Begin XCSwiftPackageProductDependency section */
		86B6173F2F95336C00FBEB5E /* FirebaseAuth */ = {
			isa = XCSwiftPackageProductDependency;
			package = 869C538D2F95308700D7EE4C /* XCRemoteSwiftPackageReference "firebase-ios-sdk" */;
			productName = FirebaseAuth;
		};
		86B617412F95337300FBEB5E /* FirebaseFirestore */ = {
			isa = XCSwiftPackageProductDependency;
			package = 869C538D2F95308700D7EE4C /* XCRemoteSwiftPackageReference "firebase-ios-sdk" */;
			productName = FirebaseFirestore;
		};
		86B617432F95337900FBEB5E /* FirebaseStorage */ = {
			isa = XCSwiftPackageProductDependency;
			package = 869C538D2F95308700D7EE4C /* XCRemoteSwiftPackageReference "firebase-ios-sdk" */;
			productName = FirebaseStorage;
		};
/* End XCSwiftPackageProductDependency section */
	};
	rootObject = 86F839C12F769505008C8DB2 /* Project object */;
}
